github.com/go-errors/errors v1.0.1 h1:LUHzmkK3GUKUrL/1gfBUxAHzcev3apQlezX/+O7ma6w=
github.com/go-errors/errors v1.0.1/go.mod h1:f4zRHt4oKfwPJE5k8C9vpYG+aDHdBFUsgrm6/TyX73Q=
github.com/xairline/goplane v1.301.5 h1:lLpmai7LnrEL5MtlhBrTHHPULkQlrxnQn5sed12dCZo=
github.com/xairline/goplane v1.301.5/go.mod h1:AfgqWjj76Pe9e13ZyssHr4/x3IcwPu1OjpW6OWnPRCc=
